
Microsoft Visual Studio Solution File, Format Version 12.00
# Visual Studio Version 16
VisualStudioVersion = 16.0.31402.337
MinimumVisualStudioVersion = 10.0.40219.1
Project("{FAE04EC0-301F-11D3-BF4B-00C04F79EFBC}") = "methods", "methods\methods.csproj", "{A997397A-5F7E-43D9-BC39-0C5A79DDBE37}"
EndProject
Project("{FAE04EC0-301F-11D3-BF4B-00C04F79EFBC}") = "Matematik", "Matematik\Matematik.csproj", "{AA9B0976-E2A7-47E4-B675-06759479C0E2}"
EndProject
Project("{FAE04EC0-301F-11D3-BF4B-00C04F79EFBC}") = "DegerveReferansTipler", "DegerveReferansTipler\DegerveReferansTipler.csproj", "{128682D4-7359-4E2D-A45E-0191B19DA725}"
EndProject
Global
	GlobalSection(SolutionConfigurationPlatforms) = preSolution
		Debug|Any CPU = Debug|Any CPU
		Release|Any CPU = Release|Any CPU
	EndGlobalSection
	GlobalSection(ProjectConfigurationPlatforms) = postSolution
		{A997397A-5F7E-43D9-BC39-0C5A79DDBE37}.Debug|Any CPU.ActiveCfg = Debug|Any CPU
		{A997397A-5F7E-43D9-BC39-0C5A79DDBE37}.Debug|Any CPU.Build.0 = Debug|Any CPU
		{A997397A-5F7E-43D9-BC39-0C5A79DDBE37}.Release|Any CPU.ActiveCfg = Release|Any CPU
		{A997397A-5F7E-43D9-BC39-0C5A79DDBE37}.Release|Any CPU.Build.0 = Release|Any CPU
		{AA9B0976-E2A7-47E4-B675-06759479C0E2}.Debug|Any CPU.ActiveCfg = Debug|Any CPU
		{AA9B0976-E2A7-47E4-B675-06759479C0E2}.Debug|Any CPU.Build.0 = Debug|Any CPU
		{AA9B0976-E2A7-47E4-B675-06759479C0E2}.Release|Any CPU.ActiveCfg = Release|Any CPU
		{AA9B0976-E2A7-47E4-B675-06759479C0E2}.Release|Any CPU.Build.0 = Release|Any CPU
		{128682D4-7359-4E2D-A45E-0191B19DA725}.Debug|Any CPU.ActiveCfg = Debug|Any CPU
		{128682D4-7359-4E2D-A45E-0191B19DA725}.Debug|Any CPU.Build.0 = Debug|Any CPU
		{128682D4-7359-4E2D-A45E-0191B19DA725}.Release|Any CPU.ActiveCfg = Release|Any CPU
		{128682D4-7359-4E2D-A45E-0191B19DA725}.Release|Any CPU.Build.0 = Release|Any CPU
	EndGlobalSection
	GlobalSection(SolutionProperties) = preSolution
		HideSolutionNode = FALSE
	EndGlobalSection
	GlobalSection(ExtensibilityGlobals) = postSolution
		SolutionGuid = {E0C204FE-6E8A-407F-AF16-87D61D3DD29B}
	EndGlobalSection
EndGlobal
